
Microsoft Visual Studio Solution File, Format Version 12.00
# Visual Studio Version 17
VisualStudioVersion = 17.2.32526.322
MinimumVisualStudioVersion = 10.0.40219.1
Project("{FAE04EC0-301F-11D3-BF4B-00C04F79EFBC}") = "GA_Constructors_Hafsa", "GA_Constructors_Hafsa.csproj", "{41E9F6B5-DD6A-4EF7-86A1-04F1466AF4EA}"
EndProject
Global
	GlobalSection(SolutionConfigurationPlatforms) = preSolution
		Debug|Any CPU = Debug|Any CPU
		Release|Any CPU = Release|Any CPU
	EndGlobalSection
	GlobalSection(ProjectConfigurationPlatforms) = postSolution
		{41E9F6B5-DD6A-4EF7-86A1-04F1466AF4EA}.Debug|Any CPU.ActiveCfg = Debug|Any CPU
		{41E9F6B5-DD6A-4EF7-86A1-04F1466AF4EA}.Debug|Any CPU.Build.0 = Debug|Any CPU
		{41E9F6B5-DD6A-4EF7-86A1-04F1466AF4EA}.Release|Any CPU.ActiveCfg = Release|Any CPU
		{41E9F6B5-DD6A-4EF7-86A1-04F1466AF4EA}.Release|Any CPU.Build.0 = Release|Any CPU
	EndGlobalSection
	GlobalSection(SolutionProperties) = preSolution
		HideSolutionNode = FALSE
	EndGlobalSection
	GlobalSection(ExtensibilityGlobals) = postSolution
		SolutionGuid = {9B7E585E-A16E-43A9-8505-901F979F8D0D}
	EndGlobalSection
EndGlobal
